
Microsoft Visual Studio Solution File, Format Version 12.00
# Visual Studio Version 17
VisualStudioVersion = 17.1.32319.34
MinimumVisualStudioVersion = 10.0.40219.1
Project("{9A19103F-16F7-4668-BE54-9A1E7A4F7556}") = "Awesome.Todo.Api", "Awesome.Todo.Api\Awesome.Todo.Api.csproj", "{195E3F2C-9F85-4610-ABED-9A6DB27C0047}"
EndProject
Project("{2150E333-8FDC-42A3-9474-1A3956D46DE8}") = "Infra", "Infra", "{8DC0B47B-A7B5-4BE0-81F1-1EABAE1E88F1}"
	ProjectSection(SolutionItems) = preProject
		Infrastructure\awesome-todo-publisher-depl.yaml = Infrastructure\awesome-todo-publisher-depl.yaml
		Infrastructure\awesome-todo-publisher-np-srv.yaml = Infrastructure\awesome-todo-publisher-np-srv.yaml
		Infrastructure\awesome-todo-subscriber-depl.yaml = Infrastructure\awesome-todo-subscriber-depl.yaml
		Infrastructure\awesome-todo-subscriber-np-srv.yaml = Infrastructure\awesome-todo-subscriber-np-srv.yaml
		Infrastructure\local-pvc.yaml = Infrastructure\local-pvc.yaml
		Infrastructure\mssql-plat-depl.yaml = Infrastructure\mssql-plat-depl.yaml
		Infrastructure\rabbitmq-depl.yaml = Infrastructure\rabbitmq-depl.yaml
	EndProjectSection
EndProject
Project("{FAE04EC0-301F-11D3-BF4B-00C04F79EFBC}") = "Awesome.Datawarehouse.Api", "Awesome.Datawarehouse.Api\Awesome.Datawarehouse.Api.csproj", "{B817002C-90DF-426B-8A6D-F0E0A257FD8F}"
EndProject
Global
	GlobalSection(SolutionConfigurationPlatforms) = preSolution
		Debug|Any CPU = Debug|Any CPU
		Release|Any CPU = Release|Any CPU
	EndGlobalSection
	GlobalSection(ProjectConfigurationPlatforms) = postSolution
		{195E3F2C-9F85-4610-ABED-9A6DB27C0047}.Debug|Any CPU.ActiveCfg = Debug|Any CPU
		{195E3F2C-9F85-4610-ABED-9A6DB27C0047}.Debug|Any CPU.Build.0 = Debug|Any CPU
		{195E3F2C-9F85-4610-ABED-9A6DB27C0047}.Release|Any CPU.ActiveCfg = Release|Any CPU
		{195E3F2C-9F85-4610-ABED-9A6DB27C0047}.Release|Any CPU.Build.0 = Release|Any CPU
		{B817002C-90DF-426B-8A6D-F0E0A257FD8F}.Debug|Any CPU.ActiveCfg = Debug|Any CPU
		{B817002C-90DF-426B-8A6D-F0E0A257FD8F}.Debug|Any CPU.Build.0 = Debug|Any CPU
		{B817002C-90DF-426B-8A6D-F0E0A257FD8F}.Release|Any CPU.ActiveCfg = Release|Any CPU
		{B817002C-90DF-426B-8A6D-F0E0A257FD8F}.Release|Any CPU.Build.0 = Release|Any CPU
	EndGlobalSection
	GlobalSection(SolutionProperties) = preSolution
		HideSolutionNode = FALSE
	EndGlobalSection
	GlobalSection(ExtensibilityGlobals) = postSolution
		SolutionGuid = {B2E7C60E-4756-4FC0-8CE2-BF58CBD5CB53}
	EndGlobalSection
EndGlobal
